# THIS IS AN AUTOGENERATED FILE. DO NOT EDIT THIS FILE DIRECTLY.
# yarn lockfile v1


"@types/lodash@^4.14.81":
  version "4.14.101"
  resolved "http://registry.npm.taobao.org/@types/lodash/download/@types/lodash-4.14.101.tgz#512f6c9e1749890f4d024e98cb995a63f562d458"

lodash@^4.17.5:
  version "4.17.5"
  resolved "http://registry.npm.taobao.org/lodash/download/lodash-4.17.5.tgz#99a92d65c0272debe8c96b6057bc8fbfa3bed511"

vue@^2.5.13:
  version "2.5.13"
  resolved "http://registry.npm.taobao.org/vue/download/vue-2.5.13.tgz#95bd31e20efcf7a7f39239c9aa6787ce8cf578e1"
